// !$*UTF8*$!
{
	archiveVersion = 1;
	classes = {
	};
	objectVersion = 46;
	objects = {

/* Begin PBXBuildFile section */
		3D095CF2146BF65D009B7213 /* teemo01.png in Resources */ = {isa = PBXBuildFile; fileRef = 3D095CF1146BF65D009B7213 /* teemo01.png */; };
		3D095CF4146BF663009B7213 /* teemo02.png in Resources */ = {isa = PBXBuildFile; fileRef = 3D095CF3146BF663009B7213 /* teemo02.png */; };
		3D095CFA146C00DE009B7213 /* CALayer+animationCALayer.m in Sources */ = {isa = PBXBuildFile; fileRef = 3D095CF9146C00DE009B7213 /* CALayer+animationCALayer.m */; };
		3D8996C8144578C600524885 /* UIKit.framework in Frameworks */ = {isa = PBXBuildFile; fileRef = 3D8996C7144578C600524885 /* UIKit.framework */; };
		3D8996CA144578C600524885 /* Foundation.framework in Frameworks */ = {isa = PBXBuildFile; fileRef = 3D8996C9144578C600524885 /* Foundation.framework */; };
		3D8996CC144578C600524885 /* CoreGraphics.framework in Frameworks */ = {isa = PBXBuildFile; fileRef = 3D8996CB144578C600524885 /* CoreGraphics.framework */; };
		3D8996D2144578C600524885 /* InfoPlist.strings in Resources */ = {isa = PBXBuildFile; fileRef = 3D8996D0144578C600524885 /* InfoPlist.strings */; };
		3D8996D4144578C600524885 /* main.m in Sources */ = {isa = PBXBuildFile; fileRef = 3D8996D3144578C600524885 /* main.m */; };
		3D8996D8144578C600524885 /* KitakazeAppDelegate.m in Sources */ = {isa = PBXBuildFile; fileRef = 3D8996D7144578C600524885 /* KitakazeAppDelegate.m */; };
		3D8996DB144578C600524885 /* MainWindow.xib in Resources */ = {isa = PBXBuildFile; fileRef = 3D8996D9144578C600524885 /* MainWindow.xib */; };
		3D8996DE144578C600524885 /* KitakazeViewController.m in Sources */ = {isa = PBXBuildFile; fileRef = 3D8996DD144578C600524885 /* KitakazeViewController.m */; };
		3D8996E1144578C600524885 /* KitakazeViewController.xib in Resources */ = {isa = PBXBuildFile; fileRef = 3D8996DF144578C600524885 /* KitakazeViewController.xib */; };
		3D8996E9144578C600524885 /* SenTestingKit.framework in Frameworks */ = {isa = PBXBuildFile; fileRef = 3D8996E8144578C600524885 /* SenTestingKit.framework */; };
		3D8996EA144578C600524885 /* UIKit.framework in Frameworks */ = {isa = PBXBuildFile; fileRef = 3D8996C7144578C600524885 /* UIKit.framework */; };
		3D8996EB144578C600524885 /* Foundation.framework in Frameworks */ = {isa = PBXBuildFile; fileRef = 3D8996C9144578C600524885 /* Foundation.framework */; };
		3D8996EC144578C600524885 /* CoreGraphics.framework in Frameworks */ = {isa = PBXBuildFile; fileRef = 3D8996CB144578C600524885 /* CoreGraphics.framework */; };
		3D8996F4144578C600524885 /* InfoPlist.strings in Resources */ = {isa = PBXBuildFile; fileRef = 3D8996F2144578C600524885 /* InfoPlist.strings */; };
		3D8996F6144578C600524885 /* KitakazeTests.h in Resources */ = {isa = PBXBuildFile; fileRef = 3D8996F5144578C600524885 /* KitakazeTests.h */; };
		3D8996F8144578C600524885 /* KitakazeTests.m in Sources */ = {isa = PBXBuildFile; fileRef = 3D8996F7144578C600524885 /* KitakazeTests.m */; };
		3D89970814457C3200524885 /* PlayViewController.m in Sources */ = {isa = PBXBuildFile; fileRef = 3D89970614457C3200524885 /* PlayViewController.m */; };
		3D89970914457C3200524885 /* PlayViewController.xib in Resources */ = {isa = PBXBuildFile; fileRef = 3D89970714457C3200524885 /* PlayViewController.xib */; };
		3D89970D144584F700524885 /* OptionViewController.m in Sources */ = {isa = PBXBuildFile; fileRef = 3D89970B144584F700524885 /* OptionViewController.m */; };
		3D89970E144584F700524885 /* OptionViewController.xib in Resources */ = {isa = PBXBuildFile; fileRef = 3D89970C144584F700524885 /* OptionViewController.xib */; };
		3D8997191446733300524885 /* clouds.png in Resources */ = {isa = PBXBuildFile; fileRef = 3D8997121446733300524885 /* clouds.png */; };
		3D89971B1446733300524885 /* title.png in Resources */ = {isa = PBXBuildFile; fileRef = 3D8997141446733300524885 /* title.png */; };
		3D89971C1446733300524885 /* title_and_button.png in Resources */ = {isa = PBXBuildFile; fileRef = 3D8997151446733300524885 /* title_and_button.png */; };
		3D89971E144675A300524885 /* AVFoundation.framework in Frameworks */ = {isa = PBXBuildFile; fileRef = 3D89971D144675A300524885 /* AVFoundation.framework */; };
		3D899721144675B300524885 /* OpenGLES.framework in Frameworks */ = {isa = PBXBuildFile; fileRef = 3D89971F144675B300524885 /* OpenGLES.framework */; };
		3D899722144675B300524885 /* QuartzCore.framework in Frameworks */ = {isa = PBXBuildFile; fileRef = 3D899720144675B300524885 /* QuartzCore.framework */; };
		3D89972414467CA700524885 /* playview.png in Resources */ = {isa = PBXBuildFile; fileRef = 3D89972314467CA700524885 /* playview.png */; };
		3D89972614467FB400524885 /* Default.png in Resources */ = {isa = PBXBuildFile; fileRef = 3D89972514467FB400524885 /* Default.png */; };
		3DE84B0114469D3C0001731A /* cloud_1.png in Resources */ = {isa = PBXBuildFile; fileRef = 3DE84AFA14469D3C0001731A /* cloud_1.png */; };
		3DE84B0214469D3C0001731A /* cloud_2.png in Resources */ = {isa = PBXBuildFile; fileRef = 3DE84AFB14469D3C0001731A /* cloud_2.png */; };
		3DE84B0314469D3C0001731A /* cloud_3.png in Resources */ = {isa = PBXBuildFile; fileRef = 3DE84AFC14469D3C0001731A /* cloud_3.png */; };
		3DE84B0614469D3C0001731A /* play.png in Resources */ = {isa = PBXBuildFile; fileRef = 3DE84AFF14469D3C0001731A /* play.png */; };
		3DE84B0714469D3C0001731A /* pause.png in Resources */ = {isa = PBXBuildFile; fileRef = 3DE84B0014469D3C0001731A /* pause.png */; };
		3DE84B0B1446A3E80001731A /* statusbar.png in Resources */ = {isa = PBXBuildFile; fileRef = 3DE84B0A1446A3E80001731A /* statusbar.png */; };
		3DE84B151446BDBD0001731A /* Cloud.m in Sources */ = {isa = PBXBuildFile; fileRef = 3DE84B141446BDBD0001731A /* Cloud.m */; };
		3DE84B1C1446C0530001731A /* WindyCloud.m in Sources */ = {isa = PBXBuildFile; fileRef = 3DE84B1B1446C0530001731A /* WindyCloud.m */; };
		3DE84B201446C0750001731A /* RainyCloud.m in Sources */ = {isa = PBXBuildFile; fileRef = 3DE84B1F1446C0750001731A /* RainyCloud.m */; };
		3DE84B231446C0920001731A /* ThunderCloud.m in Sources */ = {isa = PBXBuildFile; fileRef = 3DE84B221446C0910001731A /* ThunderCloud.m */; };
/* End PBXBuildFile section */

/* Begin PBXContainerItemProxy section */
		3D8996ED144578C600524885 /* PBXContainerItemProxy */ = {
			isa = PBXContainerItemProxy;
			containerPortal = 3D8996BA144578C500524885 /* Project object */;
			proxyType = 1;
			remoteGlobalIDString = 3D8996C2144578C600524885;
			remoteInfo = Kitakaze;
		};
/* End PBXContainerItemProxy section */

/* Begin PBXFileReference section */
		3D095CF1146BF65D009B7213 /* teemo01.png */ = {isa = PBXFileReference; lastKnownFileType = image.png; path = teemo01.png; sourceTree = "<group>"; };
		3D095CF3146BF663009B7213 /* teemo02.png */ = {isa = PBXFileReference; lastKnownFileType = image.png; path = teemo02.png; sourceTree = "<group>"; };
		3D095CF8146C00DE009B7213 /* CALayer+animationCALayer.h */ = {isa = PBXFileReference; fileEncoding = 4; lastKnownFileType = sourcecode.c.h; path = "CALayer+animationCALayer.h"; sourceTree = "<group>"; };
		3D095CF9146C00DE009B7213 /* CALayer+animationCALayer.m */ = {isa = PBXFileReference; fileEncoding = 4; lastKnownFileType = sourcecode.c.objc; path = "CALayer+animationCALayer.m"; sourceTree = "<group>"; };
		3D8996C3144578C600524885 /* Kitakaze.app */ = {isa = PBXFileReference; explicitFileType = wrapper.application; includeInIndex = 0; path = Kitakaze.app; sourceTree = BUILT_PRODUCTS_DIR; };
		3D8996C7144578C600524885 /* UIKit.framework */ = {isa = PBXFileReference; lastKnownFileType = wrapper.framework; name = UIKit.framework; path = System/Library/Frameworks/UIKit.framework; sourceTree = SDKROOT; };
		3D8996C9144578C600524885 /* Foundation.framework */ = {isa = PBXFileReference; lastKnownFileType = wrapper.framework; name = Foundation.framework; path = System/Library/Frameworks/Foundation.framework; sourceTree = SDKROOT; };
		3D8996CB144578C600524885 /* CoreGraphics.framework */ = {isa = PBXFileReference; lastKnownFileType = wrapper.framework; name = CoreGraphics.framework; path = System/Library/Frameworks/CoreGraphics.framework; sourceTree = SDKROOT; };
		3D8996CF144578C600524885 /* Kitakaze-Info.plist */ = {isa = PBXFileReference; lastKnownFileType = text.plist.xml; path = "Kitakaze-Info.plist"; sourceTree = "<group>"; };
		3D8996D1144578C600524885 /* en */ = {isa = PBXFileReference; lastKnownFileType = text.plist.strings; name = en; path = en.lproj/InfoPlist.strings; sourceTree = "<group>"; };
		3D8996D3144578C600524885 /* main.m */ = {isa = PBXFileReference; lastKnownFileType = sourcecode.c.objc; path = main.m; sourceTree = "<group>"; };
		3D8996D5144578C600524885 /* Kitakaze-Prefix.pch */ = {isa = PBXFileReference; lastKnownFileType = sourcecode.c.h; path = "Kitakaze-Prefix.pch"; sourceTree = "<group>"; };
		3D8996D6144578C600524885 /* KitakazeAppDelegate.h */ = {isa = PBXFileReference; lastKnownFileType = sourcecode.c.h; path = KitakazeAppDelegate.h; sourceTree = "<group>"; };
		3D8996D7144578C600524885 /* KitakazeAppDelegate.m */ = {isa = PBXFileReference; lastKnownFileType = sourcecode.c.objc; path = KitakazeAppDelegate.m; sourceTree = "<group>"; };
		3D8996DA144578C600524885 /* en */ = {isa = PBXFileReference; lastKnownFileType = file.xib; name = en; path = en.lproj/MainWindow.xib; sourceTree = "<group>"; };
		3D8996DC144578C600524885 /* KitakazeViewController.h */ = {isa = PBXFileReference; lastKnownFileType = sourcecode.c.h; path = KitakazeViewController.h; sourceTree = "<group>"; };
		3D8996DD144578C600524885 /* KitakazeViewController.m */ = {isa = PBXFileReference; lastKnownFileType = sourcecode.c.objc; path = KitakazeViewController.m; sourceTree = "<group>"; };
		3D8996E0144578C600524885 /* en */ = {isa = PBXFileReference; lastKnownFileType = file.xib; name = en; path = en.lproj/KitakazeViewController.xib; sourceTree = "<group>"; };
		3D8996E7144578C600524885 /* KitakazeTests.octest */ = {isa = PBXFileReference; explicitFileType = wrapper.cfbundle; includeInIndex = 0; path = KitakazeTests.octest; sourceTree = BUILT_PRODUCTS_DIR; };
		3D8996E8144578C600524885 /* SenTestingKit.framework */ = {isa = PBXFileReference; lastKnownFileType = wrapper.framework; name = SenTestingKit.framework; path = Library/Frameworks/SenTestingKit.framework; sourceTree = DEVELOPER_DIR; };
		3D8996F1144578C600524885 /* KitakazeTests-Info.plist */ = {isa = PBXFileReference; lastKnownFileType = text.plist.xml; path = "KitakazeTests-Info.plist"; sourceTree = "<group>"; };
		3D8996F3144578C600524885 /* en */ = {isa = PBXFileReference; lastKnownFileType = text.plist.strings; name = en; path = en.lproj/InfoPlist.strings; sourceTree = "<group>"; };
		3D8996F5144578C600524885 /* KitakazeTests.h */ = {isa = PBXFileReference; lastKnownFileType = sourcecode.c.h; path = KitakazeTests.h; sourceTree = "<group>"; };
		3D8996F7144578C600524885 /* KitakazeTests.m */ = {isa = PBXFileReference; lastKnownFileType = sourcecode.c.objc; path = KitakazeTests.m; sourceTree = "<group>"; };
		3D89970514457C3200524885 /* PlayViewController.h */ = {isa = PBXFileReference; fileEncoding = 4; lastKnownFileType = sourcecode.c.h; path = PlayViewController.h; sourceTree = "<group>"; };
		3D89970614457C3200524885 /* PlayViewController.m */ = {isa = PBXFileReference; fileEncoding = 4; lastKnownFileType = sourcecode.c.objc; path = PlayViewController.m; sourceTree = "<group>"; };
		3D89970714457C3200524885 /* PlayViewController.xib */ = {isa = PBXFileReference; fileEncoding = 4; lastKnownFileType = file.xib; path = PlayViewController.xib; sourceTree = "<group>"; };
		3D89970A144584F700524885 /* OptionViewController.h */ = {isa = PBXFileReference; fileEncoding = 4; lastKnownFileType = sourcecode.c.h; path = OptionViewController.h; sourceTree = "<group>"; };
		3D89970B144584F700524885 /* OptionViewController.m */ = {isa = PBXFileReference; fileEncoding = 4; lastKnownFileType = sourcecode.c.objc; path = OptionViewController.m; sourceTree = "<group>"; };
		3D89970C144584F700524885 /* OptionViewController.xib */ = {isa = PBXFileReference; fileEncoding = 4; lastKnownFileType = file.xib; path = OptionViewController.xib; sourceTree = "<group>"; };
		3D8997121446733300524885 /* clouds.png */ = {isa = PBXFileReference; lastKnownFileType = image.png; path = clouds.png; sourceTree = "<group>"; };
		3D8997141446733300524885 /* title.png */ = {isa = PBXFileReference; lastKnownFileType = image.png; path = title.png; sourceTree = "<group>"; };
		3D8997151446733300524885 /* title_and_button.png */ = {isa = PBXFileReference; lastKnownFileType = image.png; path = title_and_button.png; sourceTree = "<group>"; };
		3D89971D144675A300524885 /* AVFoundation.framework */ = {isa = PBXFileReference; lastKnownFileType = wrapper.framework; name = AVFoundation.framework; path = System/Library/Frameworks/AVFoundation.framework; sourceTree = SDKROOT; };
		3D89971F144675B300524885 /* OpenGLES.framework */ = {isa = PBXFileReference; lastKnownFileType = wrapper.framework; name = OpenGLES.framework; path = System/Library/Frameworks/OpenGLES.framework; sourceTree = SDKROOT; };
		3D899720144675B300524885 /* QuartzCore.framework */ = {isa = PBXFileReference; lastKnownFileType = wrapper.framework; name = QuartzCore.framework; path = System/Library/Frameworks/QuartzCore.framework; sourceTree = SDKROOT; };
		3D89972314467CA700524885 /* playview.png */ = {isa = PBXFileReference; lastKnownFileType = image.png; path = playview.png; sourceTree = "<group>"; };
		3D89972514467FB400524885 /* Default.png */ = {isa = PBXFileReference; lastKnownFileType = image.png; path = Default.png; sourceTree = "<group>"; };
		3DE84AFA14469D3C0001731A /* cloud_1.png */ = {isa = PBXFileReference; lastKnownFileType = image.png; path = cloud_1.png; sourceTree = "<group>"; };
		3DE84AFB14469D3C0001731A /* cloud_2.png */ = {isa = PBXFileReference; lastKnownFileType = image.png; path = cloud_2.png; sourceTree = "<group>"; };
		3DE84AFC14469D3C0001731A /* cloud_3.png */ = {isa = PBXFileReference; lastKnownFileType = image.png; path = cloud_3.png; sourceTree = "<group>"; };
		3DE84AFF14469D3C0001731A /* play.png */ = {isa = PBXFileReference; lastKnownFileType = image.png; path = play.png; sourceTree = "<group>"; };
		3DE84B0014469D3C0001731A /* pause.png */ = {isa = PBXFileReference; lastKnownFileType = image.png; path = pause.png; sourceTree = "<group>"; };
		3DE84B0A1446A3E80001731A /* statusbar.png */ = {isa = PBXFileReference; lastKnownFileType = image.png; path = statusbar.png; sourceTree = "<group>"; };
		3DE84B131446BDBD0001731A /* Cloud.h */ = {isa = PBXFileReference; fileEncoding = 4; lastKnownFileType = sourcecode.c.h; path = Cloud.h; sourceTree = "<group>"; };
		3DE84B141446BDBD0001731A /* Cloud.m */ = {isa = PBXFileReference; fileEncoding = 4; lastKnownFileType = sourcecode.c.objc; path = Cloud.m; sourceTree = "<group>"; };
		3DE84B1A1446C0530001731A /* WindyCloud.h */ = {isa = PBXFileReference; fileEncoding = 4; lastKnownFileType = sourcecode.c.h; path = WindyCloud.h; sourceTree = "<group>"; };
		3DE84B1B1446C0530001731A /* WindyCloud.m */ = {isa = PBXFileReference; fileEncoding = 4; lastKnownFileType = sourcecode.c.objc; path = WindyCloud.m; sourceTree = "<group>"; };
		3DE84B1E1446C0740001731A /* RainyCloud.h */ = {isa = PBXFileReference; fileEncoding = 4; lastKnownFileType = sourcecode.c.h; path = RainyCloud.h; sourceTree = "<group>"; };
		3DE84B1F1446C0750001731A /* RainyCloud.m */ = {isa = PBXFileReference; fileEncoding = 4; lastKnownFileType = sourcecode.c.objc; path = RainyCloud.m; sourceTree = "<group>"; };
		3DE84B211446C0910001731A /* ThunderCloud.h */ = {isa = PBXFileReference; fileEncoding = 4; lastKnownFileType = sourcecode.c.h; path = ThunderCloud.h; sourceTree = "<group>"; };
		3DE84B221446C0910001731A /* ThunderCloud.m */ = {isa = PBXFileReference; fileEncoding = 4; lastKnownFileType = sourcecode.c.objc; path = ThunderCloud.m; sourceTree = "<group>"; };
/* End PBXFileReference section */

/* Begin PBXFrameworksBuildPhase section */
		3D8996C0144578C600524885 /* Frameworks */ = {
			isa = PBXFrameworksBuildPhase;
			buildActionMask = 2147483647;
			files = (
				3D899721144675B300524885 /* OpenGLES.framework in Frameworks */,
				3D899722144675B300524885 /* QuartzCore.framework in Frameworks */,
				3D89971E144675A300524885 /* AVFoundation.framework in Frameworks */,
				3D8996C8144578C600524885 /* UIKit.framework in Frameworks */,
				3D8996CA144578C600524885 /* Foundation.framework in Frameworks */,
				3D8996CC144578C600524885 /* CoreGraphics.framework in Frameworks */,
			);
			runOnlyForDeploymentPostprocessing = 0;
		};
		3D8996E3144578C600524885 /* Frameworks */ = {
			isa = PBXFrameworksBuildPhase;
			buildActionMask = 2147483647;
			files = (
				3D8996E9144578C600524885 /* SenTestingKit.framework in Frameworks */,
				3D8996EA144578C600524885 /* UIKit.framework in Frameworks */,
				3D8996EB144578C600524885 /* Foundation.framework in Frameworks */,
				3D8996EC144578C600524885 /* CoreGraphics.framework in Frameworks */,
			);
			runOnlyForDeploymentPostprocessing = 0;
		};
/* End PBXFrameworksBuildPhase section */

/* Begin PBXGroup section */
		3D8996B8144578C500524885 = {
			isa = PBXGroup;
			children = (
				3D8996CD144578C600524885 /* Kitakaze */,
				3D8996EF144578C600524885 /* KitakazeTests */,
				3D8996C6144578C600524885 /* Frameworks */,
				3D8996C4144578C600524885 /* Products */,
			);
			sourceTree = "<group>";
		};
		3D8996C4144578C600524885 /* Products */ = {
			isa = PBXGroup;
			children = (
				3D8996C3144578C600524885 /* Kitakaze.app */,
				3D8996E7144578C600524885 /* KitakazeTests.octest */,
			);
			name = Products;
			sourceTree = "<group>";
		};
		3D8996C6144578C600524885 /* Frameworks */ = {
			isa = PBXGroup;
			children = (
				3D89971F144675B300524885 /* OpenGLES.framework */,
				3D899720144675B300524885 /* QuartzCore.framework */,
				3D89971D144675A300524885 /* AVFoundation.framework */,
				3D8996C7144578C600524885 /* UIKit.framework */,
				3D8996C9144578C600524885 /* Foundation.framework */,
				3D8996CB144578C600524885 /* CoreGraphics.framework */,
				3D8996E8144578C600524885 /* SenTestingKit.framework */,
			);
			name = Frameworks;
			sourceTree = "<group>";
		};
		3D8996CD144578C600524885 /* Kitakaze */ = {
			isa = PBXGroup;
			children = (
				3D8996D6144578C600524885 /* KitakazeAppDelegate.h */,
				3D8996D7144578C600524885 /* KitakazeAppDelegate.m */,
				3D8996D9144578C600524885 /* MainWindow.xib */,
				3D8996DC144578C600524885 /* KitakazeViewController.h */,
				3D8996DD144578C600524885 /* KitakazeViewController.m */,
				3D8996DF144578C600524885 /* KitakazeViewController.xib */,
				3D8996CE144578C600524885 /* Supporting Files */,
				3D89970514457C3200524885 /* PlayViewController.h */,
				3D89970614457C3200524885 /* PlayViewController.m */,
				3D89970714457C3200524885 /* PlayViewController.xib */,
				3D89970A144584F700524885 /* OptionViewController.h */,
				3D89970B144584F700524885 /* OptionViewController.m */,
				3D89970C144584F700524885 /* OptionViewController.xib */,
				3DE84B131446BDBD0001731A /* Cloud.h */,
				3DE84B141446BDBD0001731A /* Cloud.m */,
				3DE84B1A1446C0530001731A /* WindyCloud.h */,
				3DE84B1B1446C0530001731A /* WindyCloud.m */,
				3DE84B1E1446C0740001731A /* RainyCloud.h */,
				3DE84B1F1446C0750001731A /* RainyCloud.m */,
				3DE84B211446C0910001731A /* ThunderCloud.h */,
				3DE84B221446C0910001731A /* ThunderCloud.m */,
				3D095CF8146C00DE009B7213 /* CALayer+animationCALayer.h */,
				3D095CF9146C00DE009B7213 /* CALayer+animationCALayer.m */,
			);
			path = Kitakaze;
			sourceTree = "<group>";
		};
		3D8996CE144578C600524885 /* Supporting Files */ = {
			isa = PBXGroup;
			children = (
				3D095CF3146BF663009B7213 /* teemo02.png */,
				3D095CF1146BF65D009B7213 /* teemo01.png */,
				3DE84B0A1446A3E80001731A /* statusbar.png */,
				3DE84AFA14469D3C0001731A /* cloud_1.png */,
				3DE84AFB14469D3C0001731A /* cloud_2.png */,
				3DE84AFC14469D3C0001731A /* cloud_3.png */,
				3DE84AFF14469D3C0001731A /* play.png */,
				3DE84B0014469D3C0001731A /* pause.png */,
				3D89972514467FB400524885 /* Default.png */,
				3D89972314467CA700524885 /* playview.png */,
				3D8997121446733300524885 /* clouds.png */,
				3D8997141446733300524885 /* title.png */,
				3D8997151446733300524885 /* title_and_button.png */,
				3D8996CF144578C600524885 /* Kitakaze-Info.plist */,
				3D8996D0144578C600524885 /* InfoPlist.strings */,
				3D8996D3144578C600524885 /* main.m */,
				3D8996D5144578C600524885 /* Kitakaze-Prefix.pch */,
			);
			name = "Supporting Files";
			sourceTree = "<group>";
		};
		3D8996EF144578C600524885 /* KitakazeTests */ = {
			isa = PBXGroup;
			children = (
				3D8996F5144578C600524885 /* KitakazeTests.h */,
				3D8996F7144578C600524885 /* KitakazeTests.m */,
				3D8996F0144578C600524885 /* Supporting Files */,
			);
			path = KitakazeTests;
			sourceTree = "<group>";
		};
		3D8996F0144578C600524885 /* Supporting Files */ = {
			isa = PBXGroup;
			children = (
				3D8996F1144578C600524885 /* KitakazeTests-Info.plist */,
				3D8996F2144578C600524885 /* InfoPlist.strings */,
			);
			name = "Supporting Files";
			sourceTree = "<group>";
		};
/* End PBXGroup section */

/* Begin PBXNativeTarget section */
		3D8996C2144578C600524885 /* Kitakaze */ = {
			isa = PBXNativeTarget;
			buildConfigurationList = 3D8996FB144578C600524885 /* Build configuration list for PBXNativeTarget "Kitakaze" */;
			buildPhases = (
				3D8996BF144578C600524885 /* Sources */,
				3D8996C0144578C600524885 /* Frameworks */,
				3D8996C1144578C600524885 /* Resources */,
			);
			buildRules = (
			);
			dependencies = (
			);
			name = Kitakaze;
			productName = Kitakaze;
			productReference = 3D8996C3144578C600524885 /* Kitakaze.app */;
			productType = "com.apple.product-type.application";
		};
		3D8996E6144578C600524885 /* KitakazeTests */ = {
			isa = PBXNativeTarget;
			buildConfigurationList = 3D8996FE144578C600524885 /* Build configuration list for PBXNativeTarget "KitakazeTests" */;
			buildPhases = (
				3D8996E2144578C600524885 /* Sources */,
				3D8996E3144578C600524885 /* Frameworks */,
				3D8996E4144578C600524885 /* Resources */,
				3D8996E5144578C600524885 /* ShellScript */,
			);
			buildRules = (
			);
			dependencies = (
				3D8996EE144578C600524885 /* PBXTargetDependency */,
			);
			name = KitakazeTests;
			productName = KitakazeTests;
			productReference = 3D8996E7144578C600524885 /* KitakazeTests.octest */;
			productType = "com.apple.product-type.bundle";
		};
/* End PBXNativeTarget section */

/* Begin PBXProject section */
		3D8996BA144578C500524885 /* Project object */ = {
			isa = PBXProject;
			attributes = {
				LastUpgradeCheck = 0420;
			};
			buildConfigurationList = 3D8996BD144578C500524885 /* Build configuration list for PBXProject "Kitakaze" */;
			compatibilityVersion = "Xcode 3.2";
			developmentRegion = English;
			hasScannedForEncodings = 0;
			knownRegions = (
				en,
			);
			mainGroup = 3D8996B8144578C500524885;
			productRefGroup = 3D8996C4144578C600524885 /* Products */;
			projectDirPath = "";
			projectRoot = "";
			targets = (
				3D8996C2144578C600524885 /* Kitakaze */,
				3D8996E6144578C600524885 /* KitakazeTests */,
			);
		};
/* End PBXProject section */

/* Begin PBXResourcesBuildPhase section */
		3D8996C1144578C600524885 /* Resources */ = {
			isa = PBXResourcesBuildPhase;
			buildActionMask = 2147483647;
			files = (
				3D8996D2144578C600524885 /* InfoPlist.strings in Resources */,
				3D8996DB144578C600524885 /* MainWindow.xib in Resources */,
				3D8996E1144578C600524885 /* KitakazeViewController.xib in Resources */,
				3D89970914457C3200524885 /* PlayViewController.xib in Resources */,
				3D89970E144584F700524885 /* OptionViewController.xib in Resources */,
				3D8997191446733300524885 /* clouds.png in Resources */,
				3D89971B1446733300524885 /* title.png in Resources */,
				3D89971C1446733300524885 /* title_and_button.png in Resources */,
				3D89972414467CA700524885 /* playview.png in Resources */,
				3D89972614467FB400524885 /* Default.png in Resources */,
				3DE84B0114469D3C0001731A /* cloud_1.png in Resources */,
				3DE84B0214469D3C0001731A /* cloud_2.png in Resources */,
				3DE84B0314469D3C0001731A /* cloud_3.png in Resources */,
				3DE84B0614469D3C0001731A /* play.png in Resources */,
				3DE84B0714469D3C0001731A /* pause.png in Resources */,
				3DE84B0B1446A3E80001731A /* statusbar.png in Resources */,
				3D095CF2146BF65D009B7213 /* teemo01.png in Resources */,
				3D095CF4146BF663009B7213 /* teemo02.png in Resources */,
			);
			runOnlyForDeploymentPostprocessing = 0;
		};
		3D8996E4144578C600524885 /* Resources */ = {
			isa = PBXResourcesBuildPhase;
			buildActionMask = 2147483647;
			files = (
				3D8996F4144578C600524885 /* InfoPlist.strings in Resources */,
				3D8996F6144578C600524885 /* KitakazeTests.h in Resources */,
			);
			runOnlyForDeploymentPostprocessing = 0;
		};
/* End PBXResourcesBuildPhase section */

/* Begin PBXShellScriptBuildPhase section */
		3D8996E5144578C600524885 /* ShellScript */ = {
			isa = PBXShellScriptBuildPhase;
			buildActionMask = 2147483647;
			files = (
			);
			inputPaths = (
			);
			outputPaths = (
			);
			runOnlyForDeploymentPostprocessing = 0;
			shellPath = /bin/sh;
			shellScript = "# Run the unit tests in this test bundle.\n\"${SYSTEM_DEVELOPER_DIR}/Tools/RunUnitTests\"\n";
		};
/* End PBXShellScriptBuildPhase section */

/* Begin PBXSourcesBuildPhase section */
		3D8996BF144578C600524885 /* Sources */ = {
			isa = PBXSourcesBuildPhase;
			buildActionMask = 2147483647;
			files = (
				3D8996D4144578C600524885 /* main.m in Sources */,
				3D8996D8144578C600524885 /* KitakazeAppDelegate.m in Sources */,
				3D8996DE144578C600524885 /* KitakazeViewController.m in Sources */,
				3D89970814457C3200524885 /* PlayViewController.m in Sources */,
				3D89970D144584F700524885 /* OptionViewController.m in Sources */,
				3DE84B151446BDBD0001731A /* Cloud.m in Sources */,
				3DE84B1C1446C0530001731A /* WindyCloud.m in Sources */,
				3DE84B201446C0750001731A /* RainyCloud.m in Sources */,
				3DE84B231446C0920001731A /* ThunderCloud.m in Sources */,
				3D095CFA146C00DE009B7213 /* CALayer+animationCALayer.m in Sources */,
			);
			runOnlyForDeploymentPostprocessing = 0;
		};
		3D8996E2144578C600524885 /* Sources */ = {
			isa = PBXSourcesBuildPhase;
			buildActionMask = 2147483647;
			files = (
				3D8996F8144578C600524885 /* KitakazeTests.m in Sources */,
			);
			runOnlyForDeploymentPostprocessing = 0;
		};
/* End PBXSourcesBuildPhase section */

/* Begin PBXTargetDependency section */
		3D8996EE144578C600524885 /* PBXTargetDependency */ = {
			isa = PBXTargetDependency;
			target = 3D8996C2144578C600524885 /* Kitakaze */;
			targetProxy = 3D8996ED144578C600524885 /* PBXContainerItemProxy */;
		};
/* End PBXTargetDependency section */

/* Begin PBXVariantGroup section */
		3D8996D0144578C600524885 /* InfoPlist.strings */ = {
			isa = PBXVariantGroup;
			children = (
				3D8996D1144578C600524885 /* en */,
			);
			name = InfoPlist.strings;
			sourceTree = "<group>";
		};
		3D8996D9144578C600524885 /* MainWindow.xib */ = {
			isa = PBXVariantGroup;
			children = (
				3D8996DA144578C600524885 /* en */,
			);
			name = MainWindow.xib;
			sourceTree = "<group>";
		};
		3D8996DF144578C600524885 /* KitakazeViewController.xib */ = {
			isa = PBXVariantGroup;
			children = (
				3D8996E0144578C600524885 /* en */,
			);
			name = KitakazeViewController.xib;
			sourceTree = "<group>";
		};
		3D8996F2144578C600524885 /* InfoPlist.strings */ = {
			isa = PBXVariantGroup;
			children = (
				3D8996F3144578C600524885 /* en */,
			);
			name = InfoPlist.strings;
			sourceTree = "<group>";
		};
/* End PBXVariantGroup section */

/* Begin XCBuildConfiguration section */
		3D8996F9144578C600524885 /* Debug */ = {
			isa = XCBuildConfiguration;
			buildSettings = {
				ALWAYS_SEARCH_USER_PATHS = NO;
				ARCHS = "$(ARCHS_STANDARD_32_BIT)";
				"CODE_SIGN_IDENTITY[sdk=iphoneos*]" = "iPhone Developer";
				COPY_PHASE_STRIP = NO;
				GCC_C_LANGUAGE_STANDARD = gnu99;
				GCC_DYNAMIC_NO_PIC = NO;
				GCC_OPTIMIZATION_LEVEL = 0;
				GCC_PREPROCESSOR_DEFINITIONS = (
					"DEBUG=1",
					"$(inherited)",
				);
				GCC_SYMBOLS_PRIVATE_EXTERN = NO;
				GCC_VERSION = com.apple.compilers.llvmgcc42;
				GCC_WARN_ABOUT_MISSING_PROTOTYPES = YES;
				GCC_WARN_ABOUT_RETURN_TYPE = YES;
				GCC_WARN_UNUSED_VARIABLE = YES;
				IPHONEOS_DEPLOYMENT_TARGET = 4.3;
				SDKROOT = iphoneos;
			};
			name = Debug;
		};
		3D8996FA144578C600524885 /* Release */ = {
			isa = XCBuildConfiguration;
			buildSettings = {
				ALWAYS_SEARCH_USER_PATHS = NO;
				ARCHS = "$(ARCHS_STANDARD_32_BIT)";
				"CODE_SIGN_IDENTITY[sdk=iphoneos*]" = "iPhone Developer";
				COPY_PHASE_STRIP = YES;
				GCC_C_LANGUAGE_STANDARD = gnu99;
				GCC_VERSION = com.apple.compilers.llvmgcc42;
				GCC_WARN_ABOUT_MISSING_PROTOTYPES = YES;
				GCC_WARN_ABOUT_RETURN_TYPE = YES;
				GCC_WARN_UNUSED_VARIABLE = YES;
				IPHONEOS_DEPLOYMENT_TARGET = 4.3;
				OTHER_CFLAGS = "-DNS_BLOCK_ASSERTIONS=1";
				SDKROOT = iphoneos;
				VALIDATE_PRODUCT = YES;
			};
			name = Release;
		};
		3D8996FC144578C600524885 /* Debug */ = {
			isa = XCBuildConfiguration;
			buildSettings = {
				GCC_PRECOMPILE_PREFIX_HEADER = YES;
				GCC_PREFIX_HEADER = "Kitakaze/Kitakaze-Prefix.pch";
				GCC_VERSION = com.apple.compilers.llvm.clang.1_0;
				INFOPLIST_FILE = "Kitakaze/Kitakaze-Info.plist";
				PRODUCT_NAME = "$(TARGET_NAME)";
				WRAPPER_EXTENSION = app;
			};
			name = Debug;
		};
		3D8996FD144578C600524885 /* Release */ = {
			isa = XCBuildConfiguration;
			buildSettings = {
				GCC_PRECOMPILE_PREFIX_HEADER = YES;
				GCC_PREFIX_HEADER = "Kitakaze/Kitakaze-Prefix.pch";
				GCC_VERSION = com.apple.compilers.llvm.clang.1_0;
				INFOPLIST_FILE = "Kitakaze/Kitakaze-Info.plist";
				PRODUCT_NAME = "$(TARGET_NAME)";
				WRAPPER_EXTENSION = app;
			};
			name = Release;
		};
		3D8996FF144578C600524885 /* Debug */ = {
			isa = XCBuildConfiguration;
			buildSettings = {
				BUNDLE_LOADER = "$(BUILT_PRODUCTS_DIR)/Kitakaze.app/Kitakaze";
				FRAMEWORK_SEARCH_PATHS = (
					"$(SDKROOT)/Developer/Library/Frameworks",
					"$(DEVELOPER_LIBRARY_DIR)/Frameworks",
				);
				GCC_PRECOMPILE_PREFIX_HEADER = YES;
				GCC_PREFIX_HEADER = "Kitakaze/Kitakaze-Prefix.pch";
				GCC_VERSION = com.apple.compilers.llvm.clang.1_0;
				INFOPLIST_FILE = "KitakazeTests/KitakazeTests-Info.plist";
				PRODUCT_NAME = "$(TARGET_NAME)";
				TEST_HOST = "$(BUNDLE_LOADER)";
				WRAPPER_EXTENSION = octest;
			};
			name = Debug;
		};
		3D899700144578C600524885 /* Release */ = {
			isa = XCBuildConfiguration;
			buildSettings = {
				BUNDLE_LOADER = "$(BUILT_PRODUCTS_DIR)/Kitakaze.app/Kitakaze";
				FRAMEWORK_SEARCH_PATHS = (
					"$(SDKROOT)/Developer/Library/Frameworks",
					"$(DEVELOPER_LIBRARY_DIR)/Frameworks",
				);
				GCC_PRECOMPILE_PREFIX_HEADER = YES;
				GCC_PREFIX_HEADER = "Kitakaze/Kitakaze-Prefix.pch";
				GCC_VERSION = com.apple.compilers.llvm.clang.1_0;
				INFOPLIST_FILE = "KitakazeTests/KitakazeTests-Info.plist";
				PRODUCT_NAME = "$(TARGET_NAME)";
				TEST_HOST = "$(BUNDLE_LOADER)";
				WRAPPER_EXTENSION = octest;
			};
			name = Release;
		};
/* End XCBuildConfiguration section */

/* Begin XCConfigurationList section */
		3D8996BD144578C500524885 /* Build configuration list for PBXProject "Kitakaze" */ = {
			isa = XCConfigurationList;
			buildConfigurations = (
				3D8996F9144578C600524885 /* Debug */,
				3D8996FA144578C600524885 /* Release */,
			);
			defaultConfigurationIsVisible = 0;
			defaultConfigurationName = Release;
		};
		3D8996FB144578C600524885 /* Build configuration list for PBXNativeTarget "Kitakaze" */ = {
			isa = XCConfigurationList;
			buildConfigurations = (
				3D8996FC144578C600524885 /* Debug */,
				3D8996FD144578C600524885 /* Release */,
			);
			defaultConfigurationIsVisible = 0;
			defaultConfigurationName = Release;
		};
		3D8996FE144578C600524885 /* Build configuration list for PBXNativeTarget "KitakazeTests" */ = {
			isa = XCConfigurationList;
			buildConfigurations = (
				3D8996FF144578C600524885 /* Debug */,
				3D899700144578C600524885 /* Release */,
			);
			defaultConfigurationIsVisible = 0;
			defaultConfigurationName = Release;
		};
/* End XCConfigurationList section */
	};
	rootObject = 3D8996BA144578C500524885 /* Project object */;
}
